
Microsoft Visual Studio Solution File, Format Version 12.00
# Visual Studio 2017
Project("{FAE04EC0-301F-11D3-BF4B-00C04F79EFBC}") = "TimeRace", "TimeRace.csproj", "{A1ACE4BC-B3AF-3367-3185-C39FA420F580}"
EndProject
Global
	GlobalSection(SolutionConfigurationPlatforms) = preSolution
		Debug|Any CPU = Debug|Any CPU
		Release|Any CPU = Release|Any CPU
	EndGlobalSection
	GlobalSection(ProjectConfigurationPlatforms) = postSolution
		{A1ACE4BC-B3AF-3367-3185-C39FA420F580}.Debug|Any CPU.ActiveCfg = Debug|Any CPU
		{A1ACE4BC-B3AF-3367-3185-C39FA420F580}.Debug|Any CPU.Build.0 = Debug|Any CPU
		{A1ACE4BC-B3AF-3367-3185-C39FA420F580}.Release|Any CPU.ActiveCfg = Release|Any CPU
		{A1ACE4BC-B3AF-3367-3185-C39FA420F580}.Release|Any CPU.Build.0 = Release|Any CPU
	EndGlobalSection
	GlobalSection(SolutionProperties) = preSolution
		HideSolutionNode = FALSE
	EndGlobalSection
EndGlobal
